
Microsoft Visual Studio Solution File, Format Version 12.00
# Visual Studio Version 17
VisualStudioVersion = 17.9.34723.18
MinimumVisualStudioVersion = 10.0.40219.1
Project("{9A19103F-16F7-4668-BE54-9A1E7A4F7556}") = "JenkinsWebApplicationDemo", "JenkinsWebApplicationDemo\JenkinsWebApplicationDemo.csproj", "{53EBE95A-15FB-478C-98F1-55B3D3DCEEA4}"
EndProject
Project("{FAE04EC0-301F-11D3-BF4B-00C04F79EFBC}") = "TestProject1", "TestProject1\TestProject1.csproj", "{014D6094-8A2A-4C59-99CA-B2560C611DF8}"
EndProject
Global
	GlobalSection(SolutionConfigurationPlatforms) = preSolution
		Debug|Any CPU = Debug|Any CPU
		Release|Any CPU = Release|Any CPU
	EndGlobalSection
	GlobalSection(ProjectConfigurationPlatforms) = postSolution
		{53EBE95A-15FB-478C-98F1-55B3D3DCEEA4}.Debug|Any CPU.ActiveCfg = Debug|Any CPU
		{53EBE95A-15FB-478C-98F1-55B3D3DCEEA4}.Debug|Any CPU.Build.0 = Debug|Any CPU
		{53EBE95A-15FB-478C-98F1-55B3D3DCEEA4}.Release|Any CPU.ActiveCfg = Release|Any CPU
		{53EBE95A-15FB-478C-98F1-55B3D3DCEEA4}.Release|Any CPU.Build.0 = Release|Any CPU
		{014D6094-8A2A-4C59-99CA-B2560C611DF8}.Debug|Any CPU.ActiveCfg = Debug|Any CPU
		{014D6094-8A2A-4C59-99CA-B2560C611DF8}.Debug|Any CPU.Build.0 = Debug|Any CPU
		{014D6094-8A2A-4C59-99CA-B2560C611DF8}.Release|Any CPU.ActiveCfg = Release|Any CPU
		{014D6094-8A2A-4C59-99CA-B2560C611DF8}.Release|Any CPU.Build.0 = Release|Any CPU
	EndGlobalSection
	GlobalSection(SolutionProperties) = preSolution
		HideSolutionNode = FALSE
	EndGlobalSection
	GlobalSection(ExtensibilityGlobals) = postSolution
		SolutionGuid = {EA538826-13F9-4E88-9950-BA8FFB2E33CF}
	EndGlobalSection
EndGlobal
